
Microsoft Visual Studio Solution File, Format Version 12.00
# Visual Studio Version 16
VisualStudioVersion = 16.0.31729.503
MinimumVisualStudioVersion = 10.0.40219.1
Project("{9A19103F-16F7-4668-BE54-9A1E7A4F7556}") = "Entities", "Entities\Entities.csproj", "{7C120503-5DA8-4D8C-8CB4-3636BFB8241E}"
EndProject
Project("{9A19103F-16F7-4668-BE54-9A1E7A4F7556}") = "DataAccess", "DataAccess\DataAccess.csproj", "{2C35281A-2C52-4DE3-AC45-6C142089B60B}"
EndProject
Project("{9A19103F-16F7-4668-BE54-9A1E7A4F7556}") = "Business", "Business\Business.csproj", "{6741A6D0-1085-47DD-A020-D569C77B374A}"
EndProject
Project("{9A19103F-16F7-4668-BE54-9A1E7A4F7556}") = "ConsoleUI", "ConsoleUI\ConsoleUI.csproj", "{3216A2E7-C616-482A-9CF3-C9771231FF57}"
EndProject
Project("{9A19103F-16F7-4668-BE54-9A1E7A4F7556}") = "Core", "Core\Core.csproj", "{706A498F-24A8-4DE0-B806-8E0AEA5DF5D9}"
EndProject
Project("{FAE04EC0-301F-11D3-BF4B-00C04F79EFBC}") = "WebAPI", "WebAPI\WebAPI.csproj", "{BA0735B4-688B-4593-B5B2-FE44619C16AD}"
EndProject
Global
	GlobalSection(SolutionConfigurationPlatforms) = preSolution
		Debug|Any CPU = Debug|Any CPU
		Release|Any CPU = Release|Any CPU
	EndGlobalSection
	GlobalSection(ProjectConfigurationPlatforms) = postSolution
		{7C120503-5DA8-4D8C-8CB4-3636BFB8241E}.Debug|Any CPU.ActiveCfg = Debug|Any CPU
		{7C120503-5DA8-4D8C-8CB4-3636BFB8241E}.Debug|Any CPU.Build.0 = Debug|Any CPU
		{7C120503-5DA8-4D8C-8CB4-3636BFB8241E}.Release|Any CPU.ActiveCfg = Release|Any CPU
		{7C120503-5DA8-4D8C-8CB4-3636BFB8241E}.Release|Any CPU.Build.0 = Release|Any CPU
		{2C35281A-2C52-4DE3-AC45-6C142089B60B}.Debug|Any CPU.ActiveCfg = Debug|Any CPU
		{2C35281A-2C52-4DE3-AC45-6C142089B60B}.Debug|Any CPU.Build.0 = Debug|Any CPU
		{2C35281A-2C52-4DE3-AC45-6C142089B60B}.Release|Any CPU.ActiveCfg = Release|Any CPU
		{2C35281A-2C52-4DE3-AC45-6C142089B60B}.Release|Any CPU.Build.0 = Release|Any CPU
		{6741A6D0-1085-47DD-A020-D569C77B374A}.Debug|Any CPU.ActiveCfg = Debug|Any CPU
		{6741A6D0-1085-47DD-A020-D569C77B374A}.Debug|Any CPU.Build.0 = Debug|Any CPU
		{6741A6D0-1085-47DD-A020-D569C77B374A}.Release|Any CPU.ActiveCfg = Release|Any CPU
		{6741A6D0-1085-47DD-A020-D569C77B374A}.Release|Any CPU.Build.0 = Release|Any CPU
		{3216A2E7-C616-482A-9CF3-C9771231FF57}.Debug|Any CPU.ActiveCfg = Debug|Any CPU
		{3216A2E7-C616-482A-9CF3-C9771231FF57}.Debug|Any CPU.Build.0 = Debug|Any CPU
		{3216A2E7-C616-482A-9CF3-C9771231FF57}.Release|Any CPU.ActiveCfg = Release|Any CPU
		{3216A2E7-C616-482A-9CF3-C9771231FF57}.Release|Any CPU.Build.0 = Release|Any CPU
		{706A498F-24A8-4DE0-B806-8E0AEA5DF5D9}.Debug|Any CPU.ActiveCfg = Debug|Any CPU
		{706A498F-24A8-4DE0-B806-8E0AEA5DF5D9}.Debug|Any CPU.Build.0 = Debug|Any CPU
		{706A498F-24A8-4DE0-B806-8E0AEA5DF5D9}.Release|Any CPU.ActiveCfg = Release|Any CPU
		{706A498F-24A8-4DE0-B806-8E0AEA5DF5D9}.Release|Any CPU.Build.0 = Release|Any CPU
		{BA0735B4-688B-4593-B5B2-FE44619C16AD}.Debug|Any CPU.ActiveCfg = Debug|Any CPU
		{BA0735B4-688B-4593-B5B2-FE44619C16AD}.Debug|Any CPU.Build.0 = Debug|Any CPU
		{BA0735B4-688B-4593-B5B2-FE44619C16AD}.Release|Any CPU.ActiveCfg = Release|Any CPU
		{BA0735B4-688B-4593-B5B2-FE44619C16AD}.Release|Any CPU.Build.0 = Release|Any CPU
	EndGlobalSection
	GlobalSection(SolutionProperties) = preSolution
		HideSolutionNode = FALSE
	EndGlobalSection
	GlobalSection(ExtensibilityGlobals) = postSolution
		SolutionGuid = {23F38E4A-3DED-48EE-8711-CB5E83F25D30}
	EndGlobalSection
EndGlobal
